// !$*UTF8*$!
{
	archiveVersion = 1;
	classes = {
	};
	objectVersion = 50;
	objects = {

/* Begin PBXBuildFile section */
		2C6813552403E8010032A94A /* DetailViewController.swift in Sources */ = {isa = PBXBuildFile; fileRef = 2C6813542403E8010032A94A /* DetailViewController.swift */; };
		2CF936E8240277C000112D72 /* AppDelegate.swift in Sources */ = {isa = PBXBuildFile; fileRef = 2CF936E7240277C000112D72 /* AppDelegate.swift */; };
		2CF936EA240277C000112D72 /* SceneDelegate.swift in Sources */ = {isa = PBXBuildFile; fileRef = 2CF936E9240277C000112D72 /* SceneDelegate.swift */; };
		2CF936F2240277C000112D72 /* sunMemo.xcdatamodeld in Sources */ = {isa = PBXBuildFile; fileRef = 2CF936F0240277C000112D72 /* sunMemo.xcdatamodeld */; };
		2CF936F4240277C100112D72 /* Assets.xcassets in Resources */ = {isa = PBXBuildFile; fileRef = 2CF936F3240277C100112D72 /* Assets.xcassets */; };
		2CF936F7240277C100112D72 /* LaunchScreen.storyboard in Resources */ = {isa = PBXBuildFile; fileRef = 2CF936F5240277C100112D72 /* LaunchScreen.storyboard */; };
		2CF9370324027EF200112D72 /* Main.storyboard in Resources */ = {isa = PBXBuildFile; fileRef = 2CF9370224027EF200112D72 /* Main.storyboard */; };
		2CF937062402809D00112D72 /* Model.swift in Sources */ = {isa = PBXBuildFile; fileRef = 2CF937052402809D00112D72 /* Model.swift */; };
		2CF937082402829100112D72 /* MemoListTableViewController.swift in Sources */ = {isa = PBXBuildFile; fileRef = 2CF937072402829100112D72 /* MemoListTableViewController.swift */; };
		2CF9370A240290FD00112D72 /* ComposeViewController.swift in Sources */ = {isa = PBXBuildFile; fileRef = 2CF93709240290FD00112D72 /* ComposeViewController.swift */; };
/* End PBXBuildFile section */

/* Begin PBXFileReference section */
		2C6813542403E8010032A94A /* DetailViewController.swift */ = {isa = PBXFileReference; lastKnownFileType = sourcecode.swift; path = DetailViewController.swift; sourceTree = "<group>"; };
		2CF936E4240277C000112D72 /* sunMemo.app */ = {isa = PBXFileReference; explicitFileType = wrapper.application; includeInIndex = 0; path = sunMemo.app; sourceTree = BUILT_PRODUCTS_DIR; };
		2CF936E7240277C000112D72 /* AppDelegate.swift */ = {isa = PBXFileReference; lastKnownFileType = sourcecode.swift; path = AppDelegate.swift; sourceTree = "<group>"; };
		2CF936E9240277C000112D72 /* SceneDelegate.swift */ = {isa = PBXFileReference; lastKnownFileType = sourcecode.swift; path = SceneDelegate.swift; sourceTree = "<group>"; };
		2CF936F1240277C000112D72 /* sunMemo.xcdatamodel */ = {isa = PBXFileReference; lastKnownFileType = wrapper.xcdatamodel; path = sunMemo.xcdatamodel; sourceTree = "<group>"; };
		2CF936F3240277C100112D72 /* Assets.xcassets */ = {isa = PBXFileReference; lastKnownFileType = folder.assetcatalog; path = Assets.xcassets; sourceTree = "<group>"; };
		2CF936F6240277C100112D72 /* Base */ = {isa = PBXFileReference; lastKnownFileType = file.storyboard; name = Base; path = Base.lproj/LaunchScreen.storyboard; sourceTree = "<group>"; };
		2CF936F8240277C100112D72 /* Info.plist */ = {isa = PBXFileReference; lastKnownFileType = text.plist.xml; path = Info.plist; sourceTree = "<group>"; };
		2CF9370224027EF200112D72 /* Main.storyboard */ = {isa = PBXFileReference; fileEncoding = 4; lastKnownFileType = file.storyboard; path = Main.storyboard; sourceTree = "<group>"; };
		2CF937052402809D00112D72 /* Model.swift */ = {isa = PBXFileReference; lastKnownFileType = sourcecode.swift; path = Model.swift; sourceTree = "<group>"; };
		2CF937072402829100112D72 /* MemoListTableViewController.swift */ = {isa = PBXFileReference; lastKnownFileType = sourcecode.swift; path = MemoListTableViewController.swift; sourceTree = "<group>"; };
		2CF93709240290FD00112D72 /* ComposeViewController.swift */ = {isa = PBXFileReference; lastKnownFileType = sourcecode.swift; path = ComposeViewController.swift; sourceTree = "<group>"; };
/* End PBXFileReference section */

/* Begin PBXFrameworksBuildPhase section */
		2CF936E1240277C000112D72 /* Frameworks */ = {
			isa = PBXFrameworksBuildPhase;
			buildActionMask = 2147483647;
			files = (
			);
			runOnlyForDeploymentPostprocessing = 0;
		};
/* End PBXFrameworksBuildPhase section */

/* Begin PBXGroup section */
		2CF936DB240277C000112D72 = {
			isa = PBXGroup;
			children = (
				2CF936E6240277C000112D72 /* sunMemo */,
				2CF936E5240277C000112D72 /* Products */,
			);
			sourceTree = "<group>";
		};
		2CF936E5240277C000112D72 /* Products */ = {
			isa = PBXGroup;
			children = (
				2CF936E4240277C000112D72 /* sunMemo.app */,
			);
			name = Products;
			sourceTree = "<group>";
		};
		2CF936E6240277C000112D72 /* sunMemo */ = {
			isa = PBXGroup;
			children = (
				2CF937042402808200112D72 /* Model */,
				2CF936E7240277C000112D72 /* AppDelegate.swift */,
				2CF936E9240277C000112D72 /* SceneDelegate.swift */,
				2CF936F3240277C100112D72 /* Assets.xcassets */,
				2CF936F5240277C100112D72 /* LaunchScreen.storyboard */,
				2CF936F8240277C100112D72 /* Info.plist */,
				2CF936F0240277C000112D72 /* sunMemo.xcdatamodeld */,
				2CF9370224027EF200112D72 /* Main.storyboard */,
				2CF937072402829100112D72 /* MemoListTableViewController.swift */,
				2CF93709240290FD00112D72 /* ComposeViewController.swift */,
				2C6813542403E8010032A94A /* DetailViewController.swift */,
			);
			path = sunMemo;
			sourceTree = "<group>";
		};
		2CF937042402808200112D72 /* Model */ = {
			isa = PBXGroup;
			children = (
				2CF937052402809D00112D72 /* Model.swift */,
			);
			path = Model;
			sourceTree = "<group>";
		};
/* End PBXGroup section */

/* Begin PBXNativeTarget section */
		2CF936E3240277C000112D72 /* sunMemo */ = {
			isa = PBXNativeTarget;
			buildConfigurationList = 2CF936FB240277C100112D72 /* Build configuration list for PBXNativeTarget "sunMemo" */;
			buildPhases = (
				2CF936E0240277C000112D72 /* Sources */,
				2CF936E1240277C000112D72 /* Frameworks */,
				2CF936E2240277C000112D72 /* Resources */,
			);
			buildRules = (
			);
			dependencies = (
			);
			name = sunMemo;
			productName = sunMemo;
			productReference = 2CF936E4240277C000112D72 /* sunMemo.app */;
			productType = "com.apple.product-type.application";
		};
/* End PBXNativeTarget section */

/* Begin PBXProject section */
		2CF936DC240277C000112D72 /* Project object */ = {
			isa = PBXProject;
			attributes = {
				LastSwiftUpdateCheck = 1130;
				LastUpgradeCheck = 1130;
				ORGANIZATIONNAME = "Eun seon Yu";
				TargetAttributes = {
					2CF936E3240277C000112D72 = {
						CreatedOnToolsVersion = 11.3.1;
					};
				};
			};
			buildConfigurationList = 2CF936DF240277C000112D72 /* Build configuration list for PBXProject "sunMemo" */;
			compatibilityVersion = "Xcode 9.3";
			developmentRegion = en;
			hasScannedForEncodings = 0;
			knownRegions = (
				en,
				Base,
			);
			mainGroup = 2CF936DB240277C000112D72;
			productRefGroup = 2CF936E5240277C000112D72 /* Products */;
			projectDirPath = "";
			projectRoot = "";
			targets = (
				2CF936E3240277C000112D72 /* sunMemo */,
			);
		};
/* End PBXProject section */

/* Begin PBXResourcesBuildPhase section */
		2CF936E2240277C000112D72 /* Resources */ = {
			isa = PBXResourcesBuildPhase;
			buildActionMask = 2147483647;
			files = (
				2CF9370324027EF200112D72 /* Main.storyboard in Resources */,
				2CF936F7240277C100112D72 /* LaunchScreen.storyboard in Resources */,
				2CF936F4240277C100112D72 /* Assets.xcassets in Resources */,
			);
			runOnlyForDeploymentPostprocessing = 0;
		};
/* End PBXResourcesBuildPhase section */

/* Begin PBXSourcesBuildPhase section */
		2CF936E0240277C000112D72 /* Sources */ = {
			isa = PBXSourcesBuildPhase;
			buildActionMask = 2147483647;
			files = (
				2CF936F2240277C000112D72 /* sunMemo.xcdatamodeld in Sources */,
				2CF936E8240277C000112D72 /* AppDelegate.swift in Sources */,
				2CF937082402829100112D72 /* MemoListTableViewController.swift in Sources */,
				2CF9370A240290FD00112D72 /* ComposeViewController.swift in Sources */,
				2CF936EA240277C000112D72 /* SceneDelegate.swift in Sources */,
				2CF937062402809D00112D72 /* Model.swift in Sources */,
				2C6813552403E8010032A94A /* DetailViewController.swift in Sources */,
			);
			runOnlyForDeploymentPostprocessing = 0;
		};
/* End PBXSourcesBuildPhase section */

/* Begin PBXVariantGroup section */
		2CF936F5240277C100112D72 /* LaunchScreen.storyboard */ = {
			isa = PBXVariantGroup;
			children = (
				2CF936F6240277C100112D72 /* Base */,
			);
			name = LaunchScreen.storyboard;
			sourceTree = "<group>";
		};
/* End PBXVariantGroup section */

/* Begin XCBuildConfiguration section */
		2CF936F9240277C100112D72 /* Debug */ = {
			isa = XCBuildConfiguration;
			buildSettings = {
				ALWAYS_SEARCH_USER_PATHS = NO;
				CLANG_ANALYZER_NONNULL = YES;
				CLANG_ANALYZER_NUMBER_OBJECT_CONVERSION = YES_AGGRESSIVE;
				CLANG_CXX_LANGUAGE_STANDARD = "gnu++14";
				CLANG_CXX_LIBRARY = "libc++";
				CLANG_ENABLE_MODULES = YES;
				CLANG_ENABLE_OBJC_ARC = YES;
				CLANG_ENABLE_OBJC_WEAK = YES;
				CLANG_WARN_BLOCK_CAPTURE_AUTORELEASING = YES;
				CLANG_WARN_BOOL_CONVERSION = YES;
				CLANG_WARN_COMMA = YES;
				CLANG_WARN_CONSTANT_CONVERSION = YES;
				CLANG_WARN_DEPRECATED_OBJC_IMPLEMENTATIONS = YES;
				CLANG_WARN_DIRECT_OBJC_ISA_USAGE = YES_ERROR;
				CLANG_WARN_DOCUMENTATION_COMMENTS = YES;
				CLANG_WARN_EMPTY_BODY = YES;
				CLANG_WARN_ENUM_CONVERSION = YES;
				CLANG_WARN_INFINITE_RECURSION = YES;
				CLANG_WARN_INT_CONVERSION = YES;
				CLANG_WARN_NON_LITERAL_NULL_CONVERSION = YES;
				CLANG_WARN_OBJC_IMPLICIT_RETAIN_SELF = YES;
				CLANG_WARN_OBJC_LITERAL_CONVERSION = YES;
				CLANG_WARN_OBJC_ROOT_CLASS = YES_ERROR;
				CLANG_WARN_RANGE_LOOP_ANALYSIS = YES;
				CLANG_WARN_STRICT_PROTOTYPES = YES;
				CLANG_WARN_SUSPICIOUS_MOVE = YES;
				CLANG_WARN_UNGUARDED_AVAILABILITY = YES_AGGRESSIVE;
				CLANG_WARN_UNREACHABLE_CODE = YES;
				CLANG_WARN__DUPLICATE_METHOD_MATCH = YES;
				COPY_PHASE_STRIP = NO;
				DEBUG_INFORMATION_FORMAT = dwarf;
				ENABLE_STRICT_OBJC_MSGSEND = YES;
				ENABLE_TESTABILITY = YES;
				GCC_C_LANGUAGE_STANDARD = gnu11;
				GCC_DYNAMIC_NO_PIC = NO;
				GCC_NO_COMMON_BLOCKS = YES;
				GCC_OPTIMIZATION_LEVEL = 0;
				GCC_PREPROCESSOR_DEFINITIONS = (
					"DEBUG=1",
					"$(inherited)",
				);
				GCC_WARN_64_TO_32_BIT_CONVERSION = YES;
				GCC_WARN_ABOUT_RETURN_TYPE = YES_ERROR;
				GCC_WARN_UNDECLARED_SELECTOR = YES;
				GCC_WARN_UNINITIALIZED_AUTOS = YES_AGGRESSIVE;
				GCC_WARN_UNUSED_FUNCTION = YES;
				GCC_WARN_UNUSED_VARIABLE = YES;
				IPHONEOS_DEPLOYMENT_TARGET = 13.2;
				MTL_ENABLE_DEBUG_INFO = INCLUDE_SOURCE;
				MTL_FAST_MATH = YES;
				ONLY_ACTIVE_ARCH = YES;
				SDKROOT = iphoneos;
				SWIFT_ACTIVE_COMPILATION_CONDITIONS = DEBUG;
				SWIFT_OPTIMIZATION_LEVEL = "-Onone";
			};
			name = Debug;
		};
		2CF936FA240277C100112D72 /* Release */ = {
			isa = XCBuildConfiguration;
			buildSettings = {
				ALWAYS_SEARCH_USER_PATHS = NO;
				CLANG_ANALYZER_NONNULL = YES;
				CLANG_ANALYZER_NUMBER_OBJECT_CONVERSION = YES_AGGRESSIVE;
				CLANG_CXX_LANGUAGE_STANDARD = "gnu++14";
				CLANG_CXX_LIBRARY = "libc++";
				CLANG_ENABLE_MODULES = YES;
				CLANG_ENABLE_OBJC_ARC = YES;
				CLANG_ENABLE_OBJC_WEAK = YES;
				CLANG_WARN_BLOCK_CAPTURE_AUTORELEASING = YES;
				CLANG_WARN_BOOL_CONVERSION = YES;
				CLANG_WARN_COMMA = YES;
				CLANG_WARN_CONSTANT_CONVERSION = YES;
				CLANG_WARN_DEPRECATED_OBJC_IMPLEMENTATIONS = YES;
				CLANG_WARN_DIRECT_OBJC_ISA_USAGE = YES_ERROR;
				CLANG_WARN_DOCUMENTATION_COMMENTS = YES;
				CLANG_WARN_EMPTY_BODY = YES;
				CLANG_WARN_ENUM_CONVERSION = YES;
				CLANG_WARN_INFINITE_RECURSION = YES;
				CLANG_WARN_INT_CONVERSION = YES;
				CLANG_WARN_NON_LITERAL_NULL_CONVERSION = YES;
				CLANG_WARN_OBJC_IMPLICIT_RETAIN_SELF = YES;
				CLANG_WARN_OBJC_LITERAL_CONVERSION = YES;
				CLANG_WARN_OBJC_ROOT_CLASS = YES_ERROR;
				CLANG_WARN_RANGE_LOOP_ANALYSIS = YES;
				CLANG_WARN_STRICT_PROTOTYPES = YES;
				CLANG_WARN_SUSPICIOUS_MOVE = YES;
				CLANG_WARN_UNGUARDED_AVAILABILITY = YES_AGGRESSIVE;
				CLANG_WARN_UNREACHABLE_CODE = YES;
				CLANG_WARN__DUPLICATE_METHOD_MATCH = YES;
				COPY_PHASE_STRIP = NO;
				DEBUG_INFORMATION_FORMAT = "dwarf-with-dsym";
				ENABLE_NS_ASSERTIONS = NO;
				ENABLE_STRICT_OBJC_MSGSEND = YES;
				GCC_C_LANGUAGE_STANDARD = gnu11;
				GCC_NO_COMMON_BLOCKS = YES;
				GCC_WARN_64_TO_32_BIT_CONVERSION = YES;
				GCC_WARN_ABOUT_RETURN_TYPE = YES_ERROR;
				GCC_WARN_UNDECLARED_SELECTOR = YES;
				GCC_WARN_UNINITIALIZED_AUTOS = YES_AGGRESSIVE;
				GCC_WARN_UNUSED_FUNCTION = YES;
				GCC_WARN_UNUSED_VARIABLE = YES;
				IPHONEOS_DEPLOYMENT_TARGET = 13.2;
				MTL_ENABLE_DEBUG_INFO = NO;
				MTL_FAST_MATH = YES;
				SDKROOT = iphoneos;
				SWIFT_COMPILATION_MODE = wholemodule;
				SWIFT_OPTIMIZATION_LEVEL = "-O";
				VALIDATE_PRODUCT = YES;
			};
			name = Release;
		};
		2CF936FC240277C100112D72 /* Debug */ = {
			isa = XCBuildConfiguration;
			buildSettings = {
				ASSETCATALOG_COMPILER_APPICON_NAME = AppIcon;
				CODE_SIGN_STYLE = Automatic;
				INFOPLIST_FILE = sunMemo/Info.plist;
				IPHONEOS_DEPLOYMENT_TARGET = 13.0;
				LD_RUNPATH_SEARCH_PATHS = (
					"$(inherited)",
					"@executable_path/Frameworks",
				);
				PRODUCT_BUNDLE_IDENTIFIER = com.develyuper.sunMemo;
				PRODUCT_NAME = "$(TARGET_NAME)";
				SWIFT_VERSION = 5.0;
				TARGETED_DEVICE_FAMILY = "1,2";
			};
			name = Debug;
		};
		2CF936FD240277C100112D72 /* Release */ = {
			isa = XCBuildConfiguration;
			buildSettings = {
				ASSETCATALOG_COMPILER_APPICON_NAME = AppIcon;
				CODE_SIGN_STYLE = Automatic;
				INFOPLIST_FILE = sunMemo/Info.plist;
				IPHONEOS_DEPLOYMENT_TARGET = 13.0;
				LD_RUNPATH_SEARCH_PATHS = (
					"$(inherited)",
					"@executable_path/Frameworks",
				);
				PRODUCT_BUNDLE_IDENTIFIER = com.develyuper.sunMemo;
				PRODUCT_NAME = "$(TARGET_NAME)";
				SWIFT_VERSION = 5.0;
				TARGETED_DEVICE_FAMILY = "1,2";
			};
			name = Release;
		};
/* End XCBuildConfiguration section */

/* Begin XCConfigurationList section */
		2CF936DF240277C000112D72 /* Build configuration list for PBXProject "sunMemo" */ = {
			isa = XCConfigurationList;
			buildConfigurations = (
				2CF936F9240277C100112D72 /* Debug */,
				2CF936FA240277C100112D72 /* Release */,
			);
			defaultConfigurationIsVisible = 0;
			defaultConfigurationName = Release;
		};
		2CF936FB240277C100112D72 /* Build configuration list for PBXNativeTarget "sunMemo" */ = {
			isa = XCConfigurationList;
			buildConfigurations = (
				2CF936FC240277C100112D72 /* Debug */,
				2CF936FD240277C100112D72 /* Release */,
			);
			defaultConfigurationIsVisible = 0;
			defaultConfigurationName = Release;
		};
/* End XCConfigurationList section */

/* Begin XCVersionGroup section */
		2CF936F0240277C000112D72 /* sunMemo.xcdatamodeld */ = {
			isa = XCVersionGroup;
			children = (
				2CF936F1240277C000112D72 /* sunMemo.xcdatamodel */,
			);
			currentVersion = 2CF936F1240277C000112D72 /* sunMemo.xcdatamodel */;
			path = sunMemo.xcdatamodeld;
			sourceTree = "<group>";
			versionGroupType = wrapper.xcdatamodel;
		};
/* End XCVersionGroup section */
	};
	rootObject = 2CF936DC240277C000112D72 /* Project object */;
}
